
Microsoft Visual Studio Solution File, Format Version 12.00
# Visual Studio Version 17
VisualStudioVersion = 17.11.35312.102
MinimumVisualStudioVersion = 10.0.40219.1
Project("{2150E333-8FDC-42A3-9474-1A3956D46DE8}") = "Backend", "Backend", "{74219B9E-7C06-44DC-AFE3-30F98F20C1CE}"
EndProject
Project("{2150E333-8FDC-42A3-9474-1A3956D46DE8}") = "Frontend", "Frontend", "{35F4474F-9D31-402E-9D69-3283EB0623C4}"
EndProject
Project("{2150E333-8FDC-42A3-9474-1A3956D46DE8}") = "Transversal", "Transversal", "{03EA99DE-0F03-4A2B-8A1A-7916967DCFB9}"
EndProject
Project("{9A19103F-16F7-4668-BE54-9A1E7A4F7556}") = "AplicaciónWeb", "AplicaciónWeb\AplicaciónWeb.csproj", "{32DA3AA3-8BE5-43AA-893A-52DED9A220C2}"
EndProject
Project("{9A19103F-16F7-4668-BE54-9A1E7A4F7556}") = "AccesoDatos", "AccesoDatos\AccesoDatos.csproj", "{38145CB1-ECCB-410B-ADB9-77F8C4C5E7D5}"
EndProject
Project("{9A19103F-16F7-4668-BE54-9A1E7A4F7556}") = "LogicaNegocio", "LogicaNegocio\LogicaNegocio.csproj", "{6EDB3A52-7FC7-41E3-BA91-692D4F103809}"
EndProject
Project("{9A19103F-16F7-4668-BE54-9A1E7A4F7556}") = "MiAplicacion.Data", "DbContext\MiAplicacion.Data.csproj", "{2B83356F-8779-4FD3-BA70-A961AD2CF25C}"
EndProject
Project("{9A19103F-16F7-4668-BE54-9A1E7A4F7556}") = "EntidadesProyecto", "EntidadesProyecto\EntidadesProyecto.csproj", "{22E89F7E-F535-4B23-B058-09ACE019843F}"
EndProject
Global
	GlobalSection(SolutionConfigurationPlatforms) = preSolution
		Debug|Any CPU = Debug|Any CPU
		Release|Any CPU = Release|Any CPU
	EndGlobalSection
	GlobalSection(ProjectConfigurationPlatforms) = postSolution
		{32DA3AA3-8BE5-43AA-893A-52DED9A220C2}.Debug|Any CPU.ActiveCfg = Debug|Any CPU
		{32DA3AA3-8BE5-43AA-893A-52DED9A220C2}.Debug|Any CPU.Build.0 = Debug|Any CPU
		{32DA3AA3-8BE5-43AA-893A-52DED9A220C2}.Release|Any CPU.ActiveCfg = Release|Any CPU
		{32DA3AA3-8BE5-43AA-893A-52DED9A220C2}.Release|Any CPU.Build.0 = Release|Any CPU
		{38145CB1-ECCB-410B-ADB9-77F8C4C5E7D5}.Debug|Any CPU.ActiveCfg = Debug|Any CPU
		{38145CB1-ECCB-410B-ADB9-77F8C4C5E7D5}.Debug|Any CPU.Build.0 = Debug|Any CPU
		{38145CB1-ECCB-410B-ADB9-77F8C4C5E7D5}.Release|Any CPU.ActiveCfg = Release|Any CPU
		{38145CB1-ECCB-410B-ADB9-77F8C4C5E7D5}.Release|Any CPU.Build.0 = Release|Any CPU
		{6EDB3A52-7FC7-41E3-BA91-692D4F103809}.Debug|Any CPU.ActiveCfg = Debug|Any CPU
		{6EDB3A52-7FC7-41E3-BA91-692D4F103809}.Debug|Any CPU.Build.0 = Debug|Any CPU
		{6EDB3A52-7FC7-41E3-BA91-692D4F103809}.Release|Any CPU.ActiveCfg = Release|Any CPU
		{6EDB3A52-7FC7-41E3-BA91-692D4F103809}.Release|Any CPU.Build.0 = Release|Any CPU
		{2B83356F-8779-4FD3-BA70-A961AD2CF25C}.Debug|Any CPU.ActiveCfg = Debug|Any CPU
		{2B83356F-8779-4FD3-BA70-A961AD2CF25C}.Debug|Any CPU.Build.0 = Debug|Any CPU
		{2B83356F-8779-4FD3-BA70-A961AD2CF25C}.Release|Any CPU.ActiveCfg = Release|Any CPU
		{2B83356F-8779-4FD3-BA70-A961AD2CF25C}.Release|Any CPU.Build.0 = Release|Any CPU
		{22E89F7E-F535-4B23-B058-09ACE019843F}.Debug|Any CPU.ActiveCfg = Debug|Any CPU
		{22E89F7E-F535-4B23-B058-09ACE019843F}.Debug|Any CPU.Build.0 = Debug|Any CPU
		{22E89F7E-F535-4B23-B058-09ACE019843F}.Release|Any CPU.ActiveCfg = Release|Any CPU
		{22E89F7E-F535-4B23-B058-09ACE019843F}.Release|Any CPU.Build.0 = Release|Any CPU
	EndGlobalSection
	GlobalSection(SolutionProperties) = preSolution
		HideSolutionNode = FALSE
	EndGlobalSection
	GlobalSection(NestedProjects) = preSolution
		{32DA3AA3-8BE5-43AA-893A-52DED9A220C2} = {35F4474F-9D31-402E-9D69-3283EB0623C4}
		{38145CB1-ECCB-410B-ADB9-77F8C4C5E7D5} = {74219B9E-7C06-44DC-AFE3-30F98F20C1CE}
		{6EDB3A52-7FC7-41E3-BA91-692D4F103809} = {74219B9E-7C06-44DC-AFE3-30F98F20C1CE}
		{2B83356F-8779-4FD3-BA70-A961AD2CF25C} = {74219B9E-7C06-44DC-AFE3-30F98F20C1CE}
		{22E89F7E-F535-4B23-B058-09ACE019843F} = {03EA99DE-0F03-4A2B-8A1A-7916967DCFB9}
	EndGlobalSection
	GlobalSection(ExtensibilityGlobals) = postSolution
		SolutionGuid = {D8E66D1E-8480-4BB4-B25D-6506F6A481D6}
	EndGlobalSection
EndGlobal
